
Microsoft Visual Studio Solution File, Format Version 11.00
# Visual Studio 2010
Project("{FAE04EC0-301F-11D3-BF4B-00C04F79EFBC}") = "JinZhan", "FoodSafeTool\JinZhan.csproj", "{69CCDD2E-3B16-42DB-AFFB-87C7FEBF7F75}"
EndProject
Project("{FAE04EC0-301F-11D3-BF4B-00C04F79EFBC}") = "TestJinZhan", "TestJinZhan\TestJinZhan.csproj", "{13262A68-F81B-4967-B487-2F9448911F5C}"
EndProject
Project("{2150E333-8FDC-42A3-9474-1A3956D46DE8}") = "Solution Items", "Solution Items", "{26111D31-E685-423C-851B-7EBE668EDED2}"
	ProjectSection(SolutionItems) = preProject
		JinZhan.vsmdi = JinZhan.vsmdi
		Local.testsettings = Local.testsettings
		TraceAndTestImpact.testsettings = TraceAndTestImpact.testsettings
	EndProjectSection
EndProject
Global
	GlobalSection(TestCaseManagementSettings) = postSolution
		CategoryFile = JinZhan.vsmdi
	EndGlobalSection
	GlobalSection(SolutionConfigurationPlatforms) = preSolution
		Debug|Any CPU = Debug|Any CPU
		Release|Any CPU = Release|Any CPU
	EndGlobalSection
	GlobalSection(ProjectConfigurationPlatforms) = postSolution
		{69CCDD2E-3B16-42DB-AFFB-87C7FEBF7F75}.Debug|Any CPU.ActiveCfg = Debug|Any CPU
		{69CCDD2E-3B16-42DB-AFFB-87C7FEBF7F75}.Debug|Any CPU.Build.0 = Debug|Any CPU
		{69CCDD2E-3B16-42DB-AFFB-87C7FEBF7F75}.Release|Any CPU.ActiveCfg = Release|Any CPU
		{69CCDD2E-3B16-42DB-AFFB-87C7FEBF7F75}.Release|Any CPU.Build.0 = Release|Any CPU
		{13262A68-F81B-4967-B487-2F9448911F5C}.Debug|Any CPU.ActiveCfg = Debug|Any CPU
		{13262A68-F81B-4967-B487-2F9448911F5C}.Debug|Any CPU.Build.0 = Debug|Any CPU
		{13262A68-F81B-4967-B487-2F9448911F5C}.Release|Any CPU.ActiveCfg = Release|Any CPU
		{13262A68-F81B-4967-B487-2F9448911F5C}.Release|Any CPU.Build.0 = Release|Any CPU
	EndGlobalSection
	GlobalSection(SolutionProperties) = preSolution
		HideSolutionNode = FALSE
	EndGlobalSection
EndGlobal
